
Microsoft Visual Studio Solution File, Format Version 12.00
# Visual Studio Version 17
VisualStudioVersion = 17.10.35013.160
MinimumVisualStudioVersion = 10.0.40219.1
Project("{FAE04EC0-301F-11D3-BF4B-00C04F79EFBC}") = "IIDKQuest", "IIDKQuest\IIDKQuest.csproj", "{D6943139-B22E-462D-85AD-6EBB79E8AA7E}"
EndProject
Global
	GlobalSection(SolutionConfigurationPlatforms) = preSolution
		Debug|Any CPU = Debug|Any CPU
		Release|Any CPU = Release|Any CPU
	EndGlobalSection
	GlobalSection(ProjectConfigurationPlatforms) = postSolution
		{D6943139-B22E-462D-85AD-6EBB79E8AA7E}.Debug|Any CPU.ActiveCfg = Debug|Any CPU
		{D6943139-B22E-462D-85AD-6EBB79E8AA7E}.Debug|Any CPU.Build.0 = Debug|Any CPU
		{D6943139-B22E-462D-85AD-6EBB79E8AA7E}.Release|Any CPU.ActiveCfg = Release|Any CPU
		{D6943139-B22E-462D-85AD-6EBB79E8AA7E}.Release|Any CPU.Build.0 = Release|Any CPU
	EndGlobalSection
	GlobalSection(SolutionProperties) = preSolution
		HideSolutionNode = FALSE
	EndGlobalSection
	GlobalSection(ExtensibilityGlobals) = postSolution
		SolutionGuid = {725C7F18-924B-4D9E-8809-585E680A3C09}
	EndGlobalSection
EndGlobal
